
Microsoft Visual Studio Solution File, Format Version 12.00
# Visual Studio 2012
Project("{8BC9CEB8-8B4A-11D0-8D11-00A0C91BC942}") = "neuroPID win simulator", "neuroPID.vcxproj", "{68EB663B-2360-4061-A0BE-595AFE703748}"
EndProject
Project("{2150E333-8FDC-42A3-9474-1A3956D46DE8}") = "Solution Items", "Solution Items", "{1342544B-3D0E-480D-A64A-F18D60164557}"
EndProject
Project("{8BC9CEB8-8B4A-11D0-8D11-00A0C91BC942}") = "static_learn", "..\emulator_static_learn_vc\emulator_static_learn.vcxproj", "{353FE5C9-74C1-48B8-88FF-B945AD58B415}"
EndProject
Global
	GlobalSection(SolutionConfigurationPlatforms) = preSolution
		Debug|Win32 = Debug|Win32
		Release|Win32 = Release|Win32
		SAVE_DATA|Win32 = SAVE_DATA|Win32
		USE_LEARNING|Win32 = USE_LEARNING|Win32
	EndGlobalSection
	GlobalSection(ProjectConfigurationPlatforms) = postSolution
		{68EB663B-2360-4061-A0BE-595AFE703748}.Debug|Win32.ActiveCfg = Debug|Win32
		{68EB663B-2360-4061-A0BE-595AFE703748}.Debug|Win32.Build.0 = Debug|Win32
		{68EB663B-2360-4061-A0BE-595AFE703748}.Release|Win32.ActiveCfg = Release|Win32
		{68EB663B-2360-4061-A0BE-595AFE703748}.Release|Win32.Build.0 = Release|Win32
		{68EB663B-2360-4061-A0BE-595AFE703748}.SAVE_DATA|Win32.ActiveCfg = SAVE_DATA|Win32
		{68EB663B-2360-4061-A0BE-595AFE703748}.SAVE_DATA|Win32.Build.0 = SAVE_DATA|Win32
		{68EB663B-2360-4061-A0BE-595AFE703748}.USE_LEARNING|Win32.ActiveCfg = USE_LEARNING|Win32
		{68EB663B-2360-4061-A0BE-595AFE703748}.USE_LEARNING|Win32.Build.0 = USE_LEARNING|Win32
		{353FE5C9-74C1-48B8-88FF-B945AD58B415}.Debug|Win32.ActiveCfg = Debug|Win32
		{353FE5C9-74C1-48B8-88FF-B945AD58B415}.Debug|Win32.Build.0 = Debug|Win32
		{353FE5C9-74C1-48B8-88FF-B945AD58B415}.Release|Win32.ActiveCfg = Release|Win32
		{353FE5C9-74C1-48B8-88FF-B945AD58B415}.Release|Win32.Build.0 = Release|Win32
		{353FE5C9-74C1-48B8-88FF-B945AD58B415}.SAVE_DATA|Win32.ActiveCfg = SAVE_DATA|Win32
		{353FE5C9-74C1-48B8-88FF-B945AD58B415}.SAVE_DATA|Win32.Build.0 = SAVE_DATA|Win32
		{353FE5C9-74C1-48B8-88FF-B945AD58B415}.USE_LEARNING|Win32.ActiveCfg = USE_LEARNING|Win32
		{353FE5C9-74C1-48B8-88FF-B945AD58B415}.USE_LEARNING|Win32.Build.0 = USE_LEARNING|Win32
	EndGlobalSection
	GlobalSection(SolutionProperties) = preSolution
		HideSolutionNode = FALSE
	EndGlobalSection
EndGlobal
