
Microsoft Visual Studio Solution File, Format Version 11.00
# Visual Studio 2010
Project("{FAE04EC0-301F-11D3-BF4B-00C04F79EFBC}") = "Visio_project_designer", "Visio_project_designer.csproj", "{2E982BEB-A3F8-49CF-B0B0-59AEF57F8E7A}"
EndProject
Global
	GlobalSection(SolutionConfigurationPlatforms) = preSolution
		Debug|Any CPU = Debug|Any CPU
		Release|Any CPU = Release|Any CPU
	EndGlobalSection
	GlobalSection(ProjectConfigurationPlatforms) = postSolution
		{2E982BEB-A3F8-49CF-B0B0-59AEF57F8E7A}.Debug|Any CPU.ActiveCfg = Debug|Any CPU
		{2E982BEB-A3F8-49CF-B0B0-59AEF57F8E7A}.Debug|Any CPU.Build.0 = Debug|Any CPU
		{2E982BEB-A3F8-49CF-B0B0-59AEF57F8E7A}.Release|Any CPU.ActiveCfg = Release|Any CPU
		{2E982BEB-A3F8-49CF-B0B0-59AEF57F8E7A}.Release|Any CPU.Build.0 = Release|Any CPU
	EndGlobalSection
	GlobalSection(SolutionProperties) = preSolution
		HideSolutionNode = FALSE
	EndGlobalSection
EndGlobal
