
Microsoft Visual Studio Solution File, Format Version 12.00
# Visual Studio 15
VisualStudioVersion = 15.0.27130.2027
MinimumVisualStudioVersion = 10.0.40219.1
Project("{8BC9CEB8-8B4A-11D0-8D11-00A0C91BC942}") = "main_control_prg_vc", "main_control_prg_vc.vcxproj", "{C97BEA2A-017D-41B6-8F4B-39026C548DE7}"
EndProject
Project("{8BC9CEB8-8B4A-11D0-8D11-00A0C91BC942}") = "main_control_dll_vc", "..\main_control_dll_vc\main_control_dll_vc.vcxproj", "{5F2D0ECA-D2D3-402F-A59C-98A21B12007C}"
EndProject
Global
	GlobalSection(SolutionConfigurationPlatforms) = preSolution
		Debug_IDE|Win32 = Debug_IDE|Win32
		Debug_IDE|x64 = Debug_IDE|x64
		Debug|Win32 = Debug|Win32
		Debug|x64 = Debug|x64
		Release|Win32 = Release|Win32
		Release|x64 = Release|x64
		RFID_Debug|Win32 = RFID_Debug|Win32
		RFID_Debug|x64 = RFID_Debug|x64
	EndGlobalSection
	GlobalSection(ProjectConfigurationPlatforms) = postSolution
		{C97BEA2A-017D-41B6-8F4B-39026C548DE7}.Debug_IDE|Win32.ActiveCfg = Debug_IDE|Win32
		{C97BEA2A-017D-41B6-8F4B-39026C548DE7}.Debug_IDE|Win32.Build.0 = Debug_IDE|Win32
		{C97BEA2A-017D-41B6-8F4B-39026C548DE7}.Debug_IDE|x64.ActiveCfg = Debug_IDE|Win32
		{C97BEA2A-017D-41B6-8F4B-39026C548DE7}.Debug|Win32.ActiveCfg = Debug|Win32
		{C97BEA2A-017D-41B6-8F4B-39026C548DE7}.Debug|Win32.Build.0 = Debug|Win32
		{C97BEA2A-017D-41B6-8F4B-39026C548DE7}.Debug|x64.ActiveCfg = Debug|Win32
		{C97BEA2A-017D-41B6-8F4B-39026C548DE7}.Release|Win32.ActiveCfg = Release|Win32
		{C97BEA2A-017D-41B6-8F4B-39026C548DE7}.Release|Win32.Build.0 = Release|Win32
		{C97BEA2A-017D-41B6-8F4B-39026C548DE7}.Release|x64.ActiveCfg = Release|Win32
		{C97BEA2A-017D-41B6-8F4B-39026C548DE7}.RFID_Debug|Win32.ActiveCfg = RFID_Debug|Win32
		{C97BEA2A-017D-41B6-8F4B-39026C548DE7}.RFID_Debug|Win32.Build.0 = RFID_Debug|Win32
		{C97BEA2A-017D-41B6-8F4B-39026C548DE7}.RFID_Debug|x64.ActiveCfg = RFID_Debug|Win32
		{5F2D0ECA-D2D3-402F-A59C-98A21B12007C}.Debug_IDE|Win32.ActiveCfg = Debug_IDE|Win32
		{5F2D0ECA-D2D3-402F-A59C-98A21B12007C}.Debug_IDE|Win32.Build.0 = Debug_IDE|Win32
		{5F2D0ECA-D2D3-402F-A59C-98A21B12007C}.Debug_IDE|x64.ActiveCfg = Debug|x64
		{5F2D0ECA-D2D3-402F-A59C-98A21B12007C}.Debug_IDE|x64.Build.0 = Debug|x64
		{5F2D0ECA-D2D3-402F-A59C-98A21B12007C}.Debug|Win32.ActiveCfg = Debug|Win32
		{5F2D0ECA-D2D3-402F-A59C-98A21B12007C}.Debug|Win32.Build.0 = Debug|Win32
		{5F2D0ECA-D2D3-402F-A59C-98A21B12007C}.Debug|x64.ActiveCfg = Debug|x64
		{5F2D0ECA-D2D3-402F-A59C-98A21B12007C}.Debug|x64.Build.0 = Debug|x64
		{5F2D0ECA-D2D3-402F-A59C-98A21B12007C}.Release|Win32.ActiveCfg = Release|Win32
		{5F2D0ECA-D2D3-402F-A59C-98A21B12007C}.Release|Win32.Build.0 = Release|Win32
		{5F2D0ECA-D2D3-402F-A59C-98A21B12007C}.Release|x64.ActiveCfg = Release|x64
		{5F2D0ECA-D2D3-402F-A59C-98A21B12007C}.Release|x64.Build.0 = Release|x64
		{5F2D0ECA-D2D3-402F-A59C-98A21B12007C}.RFID_Debug|Win32.ActiveCfg = RFID_Debug|Win32
		{5F2D0ECA-D2D3-402F-A59C-98A21B12007C}.RFID_Debug|x64.ActiveCfg = RFID_Debug|x64
		{5F2D0ECA-D2D3-402F-A59C-98A21B12007C}.RFID_Debug|x64.Build.0 = RFID_Debug|x64
	EndGlobalSection
	GlobalSection(SolutionProperties) = preSolution
		HideSolutionNode = FALSE
	EndGlobalSection
	GlobalSection(ExtensibilityGlobals) = postSolution
		SolutionGuid = {BBE0E650-7180-4D51-87A4-430371783AAC}
	EndGlobalSection
EndGlobal
