<?xml version="1.0" encoding="utf-8"?>
<Project ToolsVersion="4.0" xmlns="http://schemas.microsoft.com/developer/msbuild/2003">
  <ItemGroup>
    <Filter Include="Исходные файлы">
      <UniqueIdentifier>{4FC737F1-C7A5-4376-A066-2A32D752A2FF}</UniqueIdentifier>
      <Extensions>cpp;c;cc;cxx;def;odl;idl;hpj;bat;asm;asmx</Extensions>
    </Filter>
    <Filter Include="Файлы заголовков">
      <UniqueIdentifier>{93995380-89BD-4b04-88EB-625FBE52EBFB}</UniqueIdentifier>
      <Extensions>h;hh;hpp;hxx;hm;inl;inc;xsd</Extensions>
    </Filter>
    <Filter Include="Файлы ресурсов">
      <UniqueIdentifier>{67DA6AB6-F800-4c08-8B7A-83BB121AAD01}</UniqueIdentifier>
      <Extensions>rc;ico;cur;bmp;dlg;rc2;rct;bin;rgs;gif;jpg;jpeg;jpe;resx;tiff;tif;png;wav;mfcribbon-ms</Extensions>
    </Filter>
    <Filter Include="Файлы заголовков\PAC">
      <UniqueIdentifier>{62c369f7-2079-4424-a089-9b11ddb062eb}</UniqueIdentifier>
    </Filter>
    <Filter Include="Файлы заголовков\PAC\common">
      <UniqueIdentifier>{a51c15e0-1bbc-4040-8c32-9feb6db8b049}</UniqueIdentifier>
    </Filter>
    <Filter Include="Исходные файлы\PAC">
      <UniqueIdentifier>{77a5bcf1-6b8d-4322-a65b-a4f6884cc0ed}</UniqueIdentifier>
    </Filter>
    <Filter Include="Исходные файлы\PAC\common">
      <UniqueIdentifier>{f9f6c724-a534-4673-9f1a-8e6034b46e20}</UniqueIdentifier>
    </Filter>
    <Filter Include="Файлы заголовков\PAC\win">
      <UniqueIdentifier>{d0618cb5-b03f-4333-b2d7-441f02afe873}</UniqueIdentifier>
    </Filter>
    <Filter Include="Исходные файлы\PAC\common\sys">
      <UniqueIdentifier>{803291db-dcab-4035-aa15-0b24cc43a1b8}</UniqueIdentifier>
    </Filter>
    <Filter Include="Файлы заголовков\PAC\common\sys">
      <UniqueIdentifier>{f37df305-1236-4406-abac-6bc038e1b18d}</UniqueIdentifier>
    </Filter>
    <Filter Include="Исходные файлы\PAC\win">
      <UniqueIdentifier>{43a02362-7f77-4519-8739-afa9edc67b4e}</UniqueIdentifier>
    </Filter>
    <Filter Include="Файлы заголовков\PAC\win\PAC_PC">
      <UniqueIdentifier>{50a122ba-ea73-4328-9651-dc49b43d5d23}</UniqueIdentifier>
    </Filter>
    <Filter Include="Исходные файлы\PAC\common\PAC_PC">
      <UniqueIdentifier>{143686ce-a58d-449b-934a-80ddd23d7ed6}</UniqueIdentifier>
    </Filter>
    <Filter Include="Исходные файлы\common">
      <UniqueIdentifier>{20f4e6db-612c-46b6-9b99-28a7ab219084}</UniqueIdentifier>
    </Filter>
    <Filter Include="Файлы заголовков\common">
      <UniqueIdentifier>{e87ad826-ba13-4cc1-9fe0-bb37a561f027}</UniqueIdentifier>
    </Filter>
    <Filter Include="Исходные файлы\common\sys">
      <UniqueIdentifier>{543f47ab-d68b-424d-992f-318fad7d4ac5}</UniqueIdentifier>
    </Filter>
    <Filter Include="Исходные файлы\common\sys\Lua">
      <UniqueIdentifier>{a484f1c9-2532-4ce7-adce-2ead978a1ec3}</UniqueIdentifier>
    </Filter>
    <Filter Include="Файлы заголовков\common\sys">
      <UniqueIdentifier>{660ac004-9fa9-4a02-8099-fba61b6a1a09}</UniqueIdentifier>
    </Filter>
    <Filter Include="Файлы заголовков\common\sys\Lua">
      <UniqueIdentifier>{b86baf31-990c-4992-b6fe-c7d2a6bb2f3e}</UniqueIdentifier>
    </Filter>
    <Filter Include="Файлы заголовков\common\sys\tolua++">
      <UniqueIdentifier>{b58d397a-eeae-4253-bea1-5dcbdb403ae7}</UniqueIdentifier>
    </Filter>
    <Filter Include="Исходные файлы\common\sys\tolua++">
      <UniqueIdentifier>{a5fe77bd-f270-48e8-8b24-9e3d891c9807}</UniqueIdentifier>
    </Filter>
    <Filter Include="Исходные файлы\common\QuickLZ">
      <UniqueIdentifier>{87e5e599-c6e2-418e-bb37-83d7b3aab726}</UniqueIdentifier>
    </Filter>
    <Filter Include="Файлы заголовков\common\QuickLZ">
      <UniqueIdentifier>{769030fb-e75d-4f8f-84d9-be4606c265b0}</UniqueIdentifier>
    </Filter>
    <Filter Include="Исходные файлы\common\PAC-driver">
      <UniqueIdentifier>{bbd13d3d-1f3b-4356-a60f-996800ef8c51}</UniqueIdentifier>
    </Filter>
    <Filter Include="Файлы заголовков\common\PAC-driver">
      <UniqueIdentifier>{829123fa-1dad-43a0-9f13-c84fc388032e}</UniqueIdentifier>
    </Filter>
    <Filter Include="Исходные файлы\common\win_util">
      <UniqueIdentifier>{827a911a-8d74-4612-9e68-f4e11c5e393d}</UniqueIdentifier>
    </Filter>
    <Filter Include="Файлы заголовков\common\win_util">
      <UniqueIdentifier>{7fd3dcc7-775f-4d0d-abc0-462f1632879e}</UniqueIdentifier>
    </Filter>
    <Filter Include="Исходные файлы\common\RFID">
      <UniqueIdentifier>{98d6d08e-52f3-42c8-8827-1b0b7939fedb}</UniqueIdentifier>
    </Filter>
  </ItemGroup>
  <ItemGroup>
    <ClInclude Include="..\..\..\PAC\common\log.h">
      <Filter>Файлы заголовков\PAC\common</Filter>
    </ClInclude>
    <ClInclude Include="..\..\..\PAC\win\w_log.h">
      <Filter>Файлы заголовков\PAC\win</Filter>
    </ClInclude>
    <ClInclude Include="..\..\..\PAC\common\prj_mngr.h">
      <Filter>Файлы заголовков\PAC\common</Filter>
    </ClInclude>
    <ClInclude Include="..\..\..\PAC\common\cip_stats.h">
      <Filter>Файлы заголовков\PAC\common</Filter>
    </ClInclude>
    <ClInclude Include="..\..\..\PAC\common\cip_tech_def.h">
      <Filter>Файлы заголовков\PAC\common</Filter>
    </ClInclude>
    <ClInclude Include="..\..\..\PAC\common\i_tech_def.h">
      <Filter>Файлы заголовков\PAC\common</Filter>
    </ClInclude>
    <ClInclude Include="..\..\..\PAC\common\mcaRec.h">
      <Filter>Файлы заголовков\PAC\common</Filter>
    </ClInclude>
    <ClInclude Include="..\..\..\PAC\common\modbus_client.h">
      <Filter>Файлы заголовков\PAC\common</Filter>
    </ClInclude>
    <ClInclude Include="..\..\..\PAC\common\modbus_serv.h">
      <Filter>Файлы заголовков\PAC\common</Filter>
    </ClInclude>
    <ClInclude Include="..\..\..\PAC\common\mode_mngr.h">
      <Filter>Файлы заголовков\PAC\common</Filter>
    </ClInclude>
    <ClInclude Include="..\..\..\PAC\common\PAC_dev.h">
      <Filter>Файлы заголовков\PAC\common</Filter>
    </ClInclude>
    <ClInclude Include="..\..\..\PAC\common\PAC_err.h">
      <Filter>Файлы заголовков\PAC\common</Filter>
    </ClInclude>
    <ClInclude Include="..\..\..\PAC\common\PAC_info.h">
      <Filter>Файлы заголовков\PAC\common</Filter>
    </ClInclude>
    <ClInclude Include="..\..\..\PAC\common\param_ex.h">
      <Filter>Файлы заголовков\PAC\common</Filter>
    </ClInclude>
    <ClInclude Include="..\..\..\PAC\common\PID.h">
      <Filter>Файлы заголовков\PAC\common</Filter>
    </ClInclude>
    <ClInclude Include="..\..\..\PAC\common\profibus_slave.h">
      <Filter>Файлы заголовков\PAC\common</Filter>
    </ClInclude>
    <ClInclude Include="..\..\..\PAC\common\rm_manager.h">
      <Filter>Файлы заголовков\PAC\common</Filter>
    </ClInclude>
    <ClInclude Include="..\..\..\PAC\common\rm_tech_def.h">
      <Filter>Файлы заголовков\PAC\common</Filter>
    </ClInclude>
    <ClInclude Include="..\..\..\PAC\common\tcp_client.h">
      <Filter>Файлы заголовков\PAC\common</Filter>
    </ClInclude>
    <ClInclude Include="..\..\..\PAC\common\tcp_cmctr.h">
      <Filter>Файлы заголовков\PAC\common</Filter>
    </ClInclude>
    <ClInclude Include="..\..\..\PAC\common\tech_def.h">
      <Filter>Файлы заголовков\PAC\common</Filter>
    </ClInclude>
    <ClInclude Include="..\..\..\PAC\common\wago.h">
      <Filter>Файлы заголовков\PAC\common</Filter>
    </ClInclude>
    <ClInclude Include="..\..\..\PAC\common\sys\base_mem.h">
      <Filter>Файлы заголовков\PAC\common\sys</Filter>
    </ClInclude>
    <ClInclude Include="..\..\..\PAC\common\sys\console.h">
      <Filter>Файлы заголовков\PAC\common\sys</Filter>
    </ClInclude>
    <ClInclude Include="..\..\..\PAC\common\sys\debug.h">
      <Filter>Файлы заголовков\PAC\common\sys</Filter>
    </ClInclude>
    <ClInclude Include="..\..\..\PAC\common\sys\dtime.h">
      <Filter>Файлы заголовков\PAC\common\sys</Filter>
    </ClInclude>
    <ClInclude Include="..\..\..\PAC\common\sys\led.h">
      <Filter>Файлы заголовков\PAC\common\sys</Filter>
    </ClInclude>
    <ClInclude Include="..\..\..\PAC\common\sys\s_types.h">
      <Filter>Файлы заголовков\PAC\common\sys</Filter>
    </ClInclude>
    <ClInclude Include="..\..\..\PAC\win\w_console.h">
      <Filter>Файлы заголовков\PAC\win</Filter>
    </ClInclude>
    <ClInclude Include="..\..\..\PAC\win\w_led.h">
      <Filter>Файлы заголовков\PAC\win</Filter>
    </ClInclude>
    <ClInclude Include="..\..\..\PAC\win\w_mem.h">
      <Filter>Файлы заголовков\PAC\win</Filter>
    </ClInclude>
    <ClInclude Include="..\..\..\PAC\win\w_rm_tech_def.h">
      <Filter>Файлы заголовков\PAC\win</Filter>
    </ClInclude>
    <ClInclude Include="..\..\..\PAC\win\w_tcp_client.h">
      <Filter>Файлы заголовков\PAC\win</Filter>
    </ClInclude>
    <ClInclude Include="..\..\..\PAC\win\w_tcp_cmctr.h">
      <Filter>Файлы заголовков\PAC\win</Filter>
    </ClInclude>
    <ClInclude Include="..\..\..\PAC\win\w_types.h">
      <Filter>Файлы заголовков\PAC\win</Filter>
    </ClInclude>
    <ClInclude Include="..\..\..\PAC\win\PAC_PC\profibus_slave_PC.h">
      <Filter>Файлы заголовков\PAC\win\PAC_PC</Filter>
    </ClInclude>
    <ClInclude Include="..\..\..\PAC\win\PAC_PC\wago_PC.h">
      <Filter>Файлы заголовков\PAC\win\PAC_PC</Filter>
    </ClInclude>
    <ClInclude Include="..\..\..\common\lua\lapi.h">
      <Filter>Файлы заголовков\common\sys\Lua</Filter>
    </ClInclude>
    <ClInclude Include="..\..\..\common\lua\lauxlib.h">
      <Filter>Файлы заголовков\common\sys\Lua</Filter>
    </ClInclude>
    <ClInclude Include="..\..\..\common\lua\lcode.h">
      <Filter>Файлы заголовков\common\sys\Lua</Filter>
    </ClInclude>
    <ClInclude Include="..\..\..\common\lua\ldebug.h">
      <Filter>Файлы заголовков\common\sys\Lua</Filter>
    </ClInclude>
    <ClInclude Include="..\..\..\common\lua\ldo.h">
      <Filter>Файлы заголовков\common\sys\Lua</Filter>
    </ClInclude>
    <ClInclude Include="..\..\..\common\lua\lfunc.h">
      <Filter>Файлы заголовков\common\sys\Lua</Filter>
    </ClInclude>
    <ClInclude Include="..\..\..\common\lua\lgc.h">
      <Filter>Файлы заголовков\common\sys\Lua</Filter>
    </ClInclude>
    <ClInclude Include="..\..\..\common\lua\llex.h">
      <Filter>Файлы заголовков\common\sys\Lua</Filter>
    </ClInclude>
    <ClInclude Include="..\..\..\common\lua\llimits.h">
      <Filter>Файлы заголовков\common\sys\Lua</Filter>
    </ClInclude>
    <ClInclude Include="..\..\..\common\lua\lmem.h">
      <Filter>Файлы заголовков\common\sys\Lua</Filter>
    </ClInclude>
    <ClInclude Include="..\..\..\common\lua\lobject.h">
      <Filter>Файлы заголовков\common\sys\Lua</Filter>
    </ClInclude>
    <ClInclude Include="..\..\..\common\lua\lopcodes.h">
      <Filter>Файлы заголовков\common\sys\Lua</Filter>
    </ClInclude>
    <ClInclude Include="..\..\..\common\lua\lparser.h">
      <Filter>Файлы заголовков\common\sys\Lua</Filter>
    </ClInclude>
    <ClInclude Include="..\..\..\common\lua\lstate.h">
      <Filter>Файлы заголовков\common\sys\Lua</Filter>
    </ClInclude>
    <ClInclude Include="..\..\..\common\lua\lstring.h">
      <Filter>Файлы заголовков\common\sys\Lua</Filter>
    </ClInclude>
    <ClInclude Include="..\..\..\common\lua\ltable.h">
      <Filter>Файлы заголовков\common\sys\Lua</Filter>
    </ClInclude>
    <ClInclude Include="..\..\..\common\lua\ltm.h">
      <Filter>Файлы заголовков\common\sys\Lua</Filter>
    </ClInclude>
    <ClInclude Include="..\..\..\common\lua\lua.h">
      <Filter>Файлы заголовков\common\sys\Lua</Filter>
    </ClInclude>
    <ClInclude Include="..\..\..\common\lua\luaconf.h">
      <Filter>Файлы заголовков\common\sys\Lua</Filter>
    </ClInclude>
    <ClInclude Include="..\..\..\common\lua\lualib.h">
      <Filter>Файлы заголовков\common\sys\Lua</Filter>
    </ClInclude>
    <ClInclude Include="..\..\..\common\lua\lundump.h">
      <Filter>Файлы заголовков\common\sys\Lua</Filter>
    </ClInclude>
    <ClInclude Include="..\..\..\common\lua\lvm.h">
      <Filter>Файлы заголовков\common\sys\Lua</Filter>
    </ClInclude>
    <ClInclude Include="..\..\..\common\lua\lzio.h">
      <Filter>Файлы заголовков\common\sys\Lua</Filter>
    </ClInclude>
    <ClInclude Include="..\..\..\common\tolua++\tolua_base.h">
      <Filter>Файлы заголовков\common\sys\tolua++</Filter>
    </ClInclude>
    <ClInclude Include="..\..\..\common\tolua++\tolua_event.h">
      <Filter>Файлы заголовков\common\sys\tolua++</Filter>
    </ClInclude>
    <ClInclude Include="..\..\..\common\tolua++\tolua++.h">
      <Filter>Файлы заголовков\common\sys\tolua++</Filter>
    </ClInclude>
    <ClInclude Include="..\..\..\common\lua_manager.h">
      <Filter>Файлы заголовков\common\sys</Filter>
    </ClInclude>
    <ClInclude Include="..\..\..\common\QuickLZ\quicklz.h">
      <Filter>Файлы заголовков\common\QuickLZ</Filter>
    </ClInclude>
    <ClInclude Include="..\..\..\common\PAC-driver\errors.h">
      <Filter>Файлы заголовков\common\PAC-driver</Filter>
    </ClInclude>
    <ClInclude Include="..\..\..\common\PAC-driver\g_device.h">
      <Filter>Файлы заголовков\common\PAC-driver</Filter>
    </ClInclude>
    <ClInclude Include="..\..\..\common\win_util\SWMRG.h">
      <Filter>Файлы заголовков\common\win_util</Filter>
    </ClInclude>
    <ClInclude Include="..\..\..\common\win_util\WSA_err_decode.h">
      <Filter>Файлы заголовков\common\win_util</Filter>
    </ClInclude>
    <ClInclude Include="..\..\..\common\RFID\rfid_reader.h">
      <Filter>Исходные файлы\common\RFID</Filter>
    </ClInclude>
  </ItemGroup>
  <ItemGroup>
    <ClCompile Include="main_control_dll_vc.cpp">
      <Filter>Исходные файлы</Filter>
    </ClCompile>
    <ClCompile Include="dllmain.cpp">
      <Filter>Исходные файлы</Filter>
    </ClCompile>
    <ClCompile Include="..\..\..\PAC\common\log.cpp">
      <Filter>Исходные файлы\PAC\common</Filter>
    </ClCompile>
    <ClCompile Include="..\..\..\PAC\common\prj_mngr.cpp">
      <Filter>Исходные файлы\PAC\common</Filter>
    </ClCompile>
    <ClCompile Include="..\..\..\PAC\common\cip_stats.cpp">
      <Filter>Исходные файлы\PAC\common</Filter>
    </ClCompile>
    <ClCompile Include="..\..\..\PAC\common\cip_tech_def.cpp">
      <Filter>Исходные файлы\PAC\common</Filter>
    </ClCompile>
    <ClCompile Include="..\..\..\PAC\common\mcaRec.cpp">
      <Filter>Исходные файлы\PAC\common</Filter>
    </ClCompile>
    <ClCompile Include="..\..\..\PAC\common\modbus_client.cpp">
      <Filter>Исходные файлы\PAC\common</Filter>
    </ClCompile>
    <ClCompile Include="..\..\..\PAC\common\modbus_serv.cpp">
      <Filter>Исходные файлы\PAC\common</Filter>
    </ClCompile>
    <ClCompile Include="..\..\..\PAC\common\mode_mngr.cpp">
      <Filter>Исходные файлы\PAC\common</Filter>
    </ClCompile>
    <ClCompile Include="..\..\..\PAC\common\PAC_dev.cpp">
      <Filter>Исходные файлы\PAC\common</Filter>
    </ClCompile>
    <ClCompile Include="..\..\..\PAC\common\PAC_dev_lua.cpp">
      <Filter>Исходные файлы\PAC\common</Filter>
    </ClCompile>
    <ClCompile Include="..\..\..\PAC\common\PAC_err.cpp">
      <Filter>Исходные файлы\PAC\common</Filter>
    </ClCompile>
    <ClCompile Include="..\..\..\PAC\common\PAC_info.cpp">
      <Filter>Исходные файлы\PAC\common</Filter>
    </ClCompile>
    <ClCompile Include="..\..\..\PAC\common\param_ex.cpp">
      <Filter>Исходные файлы\PAC\common</Filter>
    </ClCompile>
    <ClCompile Include="..\..\..\PAC\common\PID.cpp">
      <Filter>Исходные файлы\PAC\common</Filter>
    </ClCompile>
    <ClCompile Include="..\..\..\PAC\common\profibus_slave.cpp">
      <Filter>Исходные файлы\PAC\common</Filter>
    </ClCompile>
    <ClCompile Include="..\..\..\PAC\common\rm_manager.cpp">
      <Filter>Исходные файлы\PAC\common</Filter>
    </ClCompile>
    <ClCompile Include="..\..\..\PAC\common\rm_tech_def.cpp">
      <Filter>Исходные файлы\PAC\common</Filter>
    </ClCompile>
    <ClCompile Include="..\..\..\PAC\common\tcp_client.cpp">
      <Filter>Исходные файлы\PAC\common</Filter>
    </ClCompile>
    <ClCompile Include="..\..\..\PAC\common\tcp_cmctr.cpp">
      <Filter>Исходные файлы\PAC\common</Filter>
    </ClCompile>
    <ClCompile Include="..\..\..\PAC\common\tech_def.cpp">
      <Filter>Исходные файлы\PAC\common</Filter>
    </ClCompile>
    <ClCompile Include="..\..\..\PAC\common\wago.cpp">
      <Filter>Исходные файлы\PAC\common</Filter>
    </ClCompile>
    <ClCompile Include="..\..\..\PAC\common\sys\base_mem.cpp">
      <Filter>Исходные файлы\PAC\common\sys</Filter>
    </ClCompile>
    <ClCompile Include="..\..\..\PAC\common\sys\io.cpp">
      <Filter>Исходные файлы\PAC\common\sys</Filter>
    </ClCompile>
    <ClCompile Include="..\..\..\PAC\common\sys\led.cpp">
      <Filter>Исходные файлы\PAC\common\sys</Filter>
    </ClCompile>
    <ClCompile Include="..\..\..\PAC\win\w_console.cpp">
      <Filter>Исходные файлы\PAC\win</Filter>
    </ClCompile>
    <ClCompile Include="..\..\..\PAC\win\w_dtime.cpp">
      <Filter>Исходные файлы\PAC\win</Filter>
    </ClCompile>
    <ClCompile Include="..\..\..\PAC\win\w_mem.cpp">
      <Filter>Исходные файлы\PAC\win</Filter>
    </ClCompile>
    <ClCompile Include="..\..\..\PAC\win\w_rm_tech_def.cpp">
      <Filter>Исходные файлы\PAC\win</Filter>
    </ClCompile>
    <ClCompile Include="..\..\..\PAC\win\w_tcp_client.cpp">
      <Filter>Исходные файлы\PAC\win</Filter>
    </ClCompile>
    <ClCompile Include="..\..\..\PAC\win\w_tcp_cmctr.cpp">
      <Filter>Исходные файлы\PAC\win</Filter>
    </ClCompile>
    <ClCompile Include="..\..\..\PAC\win\PAC_PC\profibus_slave_PC.cpp">
      <Filter>Исходные файлы\PAC\common\PAC_PC</Filter>
    </ClCompile>
    <ClCompile Include="..\..\..\PAC\win\PAC_PC\wago_PC.cpp">
      <Filter>Исходные файлы\PAC\common\PAC_PC</Filter>
    </ClCompile>
    <ClCompile Include="..\..\..\common\lua\lapi.c">
      <Filter>Исходные файлы\common\sys\Lua</Filter>
    </ClCompile>
    <ClCompile Include="..\..\..\common\lua\lauxlib.c">
      <Filter>Исходные файлы\common\sys\Lua</Filter>
    </ClCompile>
    <ClCompile Include="..\..\..\common\lua\lbaselib.c">
      <Filter>Исходные файлы\common\sys\Lua</Filter>
    </ClCompile>
    <ClCompile Include="..\..\..\common\lua\lcode.c">
      <Filter>Исходные файлы\common\sys\Lua</Filter>
    </ClCompile>
    <ClCompile Include="..\..\..\common\lua\ldblib.c">
      <Filter>Исходные файлы\common\sys\Lua</Filter>
    </ClCompile>
    <ClCompile Include="..\..\..\common\lua\ldebug.c">
      <Filter>Исходные файлы\common\sys\Lua</Filter>
    </ClCompile>
    <ClCompile Include="..\..\..\common\lua\ldo.c">
      <Filter>Исходные файлы\common\sys\Lua</Filter>
    </ClCompile>
    <ClCompile Include="..\..\..\common\lua\ldump.c">
      <Filter>Исходные файлы\common\sys\Lua</Filter>
    </ClCompile>
    <ClCompile Include="..\..\..\common\lua\lfunc.c">
      <Filter>Исходные файлы\common\sys\Lua</Filter>
    </ClCompile>
    <ClCompile Include="..\..\..\common\lua\lgc.c">
      <Filter>Исходные файлы\common\sys\Lua</Filter>
    </ClCompile>
    <ClCompile Include="..\..\..\common\lua\linit.c">
      <Filter>Исходные файлы\common\sys\Lua</Filter>
    </ClCompile>
    <ClCompile Include="..\..\..\common\lua\liolib.c">
      <Filter>Исходные файлы\common\sys\Lua</Filter>
    </ClCompile>
    <ClCompile Include="..\..\..\common\lua\llex.c">
      <Filter>Исходные файлы\common\sys\Lua</Filter>
    </ClCompile>
    <ClCompile Include="..\..\..\common\lua\lmathlib.c">
      <Filter>Исходные файлы\common\sys\Lua</Filter>
    </ClCompile>
    <ClCompile Include="..\..\..\common\lua\lmem.c">
      <Filter>Исходные файлы\common\sys\Lua</Filter>
    </ClCompile>
    <ClCompile Include="..\..\..\common\lua\loadlib.c">
      <Filter>Исходные файлы\common\sys\Lua</Filter>
    </ClCompile>
    <ClCompile Include="..\..\..\common\lua\lobject.c">
      <Filter>Исходные файлы\common\sys\Lua</Filter>
    </ClCompile>
    <ClCompile Include="..\..\..\common\lua\lopcodes.c">
      <Filter>Исходные файлы\common\sys\Lua</Filter>
    </ClCompile>
    <ClCompile Include="..\..\..\common\lua\loslib.c">
      <Filter>Исходные файлы\common\sys\Lua</Filter>
    </ClCompile>
    <ClCompile Include="..\..\..\common\lua\lparser.c">
      <Filter>Исходные файлы\common\sys\Lua</Filter>
    </ClCompile>
    <ClCompile Include="..\..\..\common\lua\lstate.c">
      <Filter>Исходные файлы\common\sys\Lua</Filter>
    </ClCompile>
    <ClCompile Include="..\..\..\common\lua\lstring.c">
      <Filter>Исходные файлы\common\sys\Lua</Filter>
    </ClCompile>
    <ClCompile Include="..\..\..\common\lua\lstrlib.c">
      <Filter>Исходные файлы\common\sys\Lua</Filter>
    </ClCompile>
    <ClCompile Include="..\..\..\common\lua\ltable.c">
      <Filter>Исходные файлы\common\sys\Lua</Filter>
    </ClCompile>
    <ClCompile Include="..\..\..\common\lua\ltablib.c">
      <Filter>Исходные файлы\common\sys\Lua</Filter>
    </ClCompile>
    <ClCompile Include="..\..\..\common\lua\ltm.c">
      <Filter>Исходные файлы\common\sys\Lua</Filter>
    </ClCompile>
    <ClCompile Include="..\..\..\common\lua\lundump.c">
      <Filter>Исходные файлы\common\sys\Lua</Filter>
    </ClCompile>
    <ClCompile Include="..\..\..\common\lua\lvm.c">
      <Filter>Исходные файлы\common\sys\Lua</Filter>
    </ClCompile>
    <ClCompile Include="..\..\..\common\lua\lzio.c">
      <Filter>Исходные файлы\common\sys\Lua</Filter>
    </ClCompile>
    <ClCompile Include="..\..\..\common\lua\print.c">
      <Filter>Исходные файлы\common\sys\Lua</Filter>
    </ClCompile>
    <ClCompile Include="..\..\..\common\tolua++\tolua_event.c">
      <Filter>Исходные файлы\common\sys\tolua++</Filter>
    </ClCompile>
    <ClCompile Include="..\..\..\common\tolua++\tolua_is.c">
      <Filter>Исходные файлы\common\sys\tolua++</Filter>
    </ClCompile>
    <ClCompile Include="..\..\..\common\tolua++\tolua_map.c">
      <Filter>Исходные файлы\common\sys\tolua++</Filter>
    </ClCompile>
    <ClCompile Include="..\..\..\common\tolua++\tolua_push.c">
      <Filter>Исходные файлы\common\sys\tolua++</Filter>
    </ClCompile>
    <ClCompile Include="..\..\..\common\tolua++\tolua_to.c">
      <Filter>Исходные файлы\common\sys\tolua++</Filter>
    </ClCompile>
    <ClCompile Include="..\..\..\common\lua_manager.cpp">
      <Filter>Исходные файлы\common\sys</Filter>
    </ClCompile>
    <ClCompile Include="..\..\..\common\QuickLZ\quicklz.c">
      <Filter>Исходные файлы\common\QuickLZ</Filter>
    </ClCompile>
    <ClCompile Include="..\..\..\common\PAC-driver\errors.cpp">
      <Filter>Исходные файлы\common\PAC-driver</Filter>
    </ClCompile>
    <ClCompile Include="..\..\..\common\PAC-driver\g_device.cpp">
      <Filter>Исходные файлы\common\PAC-driver</Filter>
    </ClCompile>
    <ClCompile Include="..\..\..\common\win_util\SWMRG.cpp">
      <Filter>Исходные файлы\common\win_util</Filter>
    </ClCompile>
    <ClCompile Include="..\..\..\common\win_util\WSA_err_decode.cpp">
      <Filter>Исходные файлы\common\win_util</Filter>
    </ClCompile>
  </ItemGroup>
</Project>